{
  "name": "teste-ebac-ui",
  "version": "1.0.0",
  "lockfileVersion": 2,
  "requires": true,
  "packages": {
    "": {
      "name": "teste-ebac-ui",
      "version": "1.0.0",
      "license": "ISC",
      "dependencies": {
        "@faker-js/faker": "^6.1.1",
        "faker": "^5.5.3"
      }
    },
    "node_modules/@faker-js/faker": {
      "version": "6.1.1",
      "resolved": "https://registry.npmjs.org/@faker-js/faker/-/faker-6.1.1.tgz",
      "integrity": "sha512-8yq1LJVGn4GY06riLddIU1LbJm15yjt46hjfkpWNpH/mqdciPOBVzicKOJxzQNrGgVHVBxcdm7sgwjI/Y19MYw==",
      "engines": {
        "node": ">=14.0.0",
        "npm": ">=7.0.0"
      }
    },
    "node_modules/faker": {
      "version": "5.5.3",
      "resolved": "https://registry.npmjs.org/faker/-/faker-5.5.3.tgz",
      "integrity": "sha512-wLTv2a28wjUyWkbnX7u/ABZBkUkIF2fCd73V6P2oFqEGEktDfzWx4UxrSqtPRw0xPRAcjeAOIiJWqZm3pP4u3g=="
    }
  },
  "dependencies": {
    "@faker-js/faker": {
      "version": "6.1.1",
      "resolved": "https://registry.npmjs.org/@faker-js/faker/-/faker-6.1.1.tgz",
      "integrity": "sha512-8yq1LJVGn4GY06riLddIU1LbJm15yjt46hjfkpWNpH/mqdciPOBVzicKOJxzQNrGgVHVBxcdm7sgwjI/Y19MYw=="
    },
    "faker": {
      "version": "5.5.3",
      "resolved": "https://registry.npmjs.org/faker/-/faker-5.5.3.tgz",
      "integrity": "sha512-wLTv2a28wjUyWkbnX7u/ABZBkUkIF2fCd73V6P2oFqEGEktDfzWx4UxrSqtPRw0xPRAcjeAOIiJWqZm3pP4u3g=="
    }
  }
}
